// !$*UTF8*$!
{
	archiveVersion = 1;
	classes = {
	};
	objectVersion = 56;
	objects = {

/* Begin PBXBuildFile section */
		916E7A192BF082D000561A95 /* DeadlinerApp.swift in Sources */ = {isa = PBXBuildFile; fileRef = 916E7A182BF082D000561A95 /* DeadlinerApp.swift */; };
		916E7A1B2BF082D000561A95 /* ContentView.swift in Sources */ = {isa = PBXBuildFile; fileRef = 916E7A1A2BF082D000561A95 /* ContentView.swift */; };
		916E7A1D2BF082D000561A95 /* Item.swift in Sources */ = {isa = PBXBuildFile; fileRef = 916E7A1C2BF082D000561A95 /* Item.swift */; };
		916E7A1F2BF082D100561A95 /* Assets.xcassets in Resources */ = {isa = PBXBuildFile; fileRef = 916E7A1E2BF082D100561A95 /* Assets.xcassets */; };
		916E7A232BF082D100561A95 /* Preview Assets.xcassets in Resources */ = {isa = PBXBuildFile; fileRef = 916E7A222BF082D100561A95 /* Preview Assets.xcassets */; };
		916E7A2D2BF082D200561A95 /* DeadlinerTests.swift in Sources */ = {isa = PBXBuildFile; fileRef = 916E7A2C2BF082D200561A95 /* DeadlinerTests.swift */; };
		916E7A372BF082D200561A95 /* DeadlinerUITests.swift in Sources */ = {isa = PBXBuildFile; fileRef = 916E7A362BF082D200561A95 /* DeadlinerUITests.swift */; };
		916E7A392BF082D200561A95 /* DeadlinerUITestsLaunchTests.swift in Sources */ = {isa = PBXBuildFile; fileRef = 916E7A382BF082D200561A95 /* DeadlinerUITestsLaunchTests.swift */; };
/* End PBXBuildFile section */

/* Begin PBXContainerItemProxy section */
		916E7A292BF082D200561A95 /* PBXContainerItemProxy */ = {
			isa = PBXContainerItemProxy;
			containerPortal = 916E7A0D2BF082CF00561A95 /* Project object */;
			proxyType = 1;
			remoteGlobalIDString = 916E7A142BF082D000561A95;
			remoteInfo = Deadliner;
		};
		916E7A332BF082D200561A95 /* PBXContainerItemProxy */ = {
			isa = PBXContainerItemProxy;
			containerPortal = 916E7A0D2BF082CF00561A95 /* Project object */;
			proxyType = 1;
			remoteGlobalIDString = 916E7A142BF082D000561A95;
			remoteInfo = Deadliner;
		};
/* End PBXContainerItemProxy section */

/* Begin PBXFileReference section */
		916E7A152BF082D000561A95 /* Deadliner.app */ = {isa = PBXFileReference; explicitFileType = wrapper.application; includeInIndex = 0; path = Deadliner.app; sourceTree = BUILT_PRODUCTS_DIR; };
		916E7A182BF082D000561A95 /* DeadlinerApp.swift */ = {isa = PBXFileReference; lastKnownFileType = sourcecode.swift; path = DeadlinerApp.swift; sourceTree = "<group>"; };
		916E7A1A2BF082D000561A95 /* ContentView.swift */ = {isa = PBXFileReference; lastKnownFileType = sourcecode.swift; path = ContentView.swift; sourceTree = "<group>"; };
		916E7A1C2BF082D000561A95 /* Item.swift */ = {isa = PBXFileReference; lastKnownFileType = sourcecode.swift; path = Item.swift; sourceTree = "<group>"; };
		916E7A1E2BF082D100561A95 /* Assets.xcassets */ = {isa = PBXFileReference; lastKnownFileType = folder.assetcatalog; path = Assets.xcassets; sourceTree = "<group>"; };
		916E7A202BF082D100561A95 /* Deadliner.entitlements */ = {isa = PBXFileReference; lastKnownFileType = text.plist.entitlements; path = Deadliner.entitlements; sourceTree = "<group>"; };
		916E7A222BF082D100561A95 /* Preview Assets.xcassets */ = {isa = PBXFileReference; lastKnownFileType = folder.assetcatalog; path = "Preview Assets.xcassets"; sourceTree = "<group>"; };
		916E7A282BF082D200561A95 /* DeadlinerTests.xctest */ = {isa = PBXFileReference; explicitFileType = wrapper.cfbundle; includeInIndex = 0; path = DeadlinerTests.xctest; sourceTree = BUILT_PRODUCTS_DIR; };
		916E7A2C2BF082D200561A95 /* DeadlinerTests.swift */ = {isa = PBXFileReference; lastKnownFileType = sourcecode.swift; path = DeadlinerTests.swift; sourceTree = "<group>"; };
		916E7A322BF082D200561A95 /* DeadlinerUITests.xctest */ = {isa = PBXFileReference; explicitFileType = wrapper.cfbundle; includeInIndex = 0; path = DeadlinerUITests.xctest; sourceTree = BUILT_PRODUCTS_DIR; };
		916E7A362BF082D200561A95 /* DeadlinerUITests.swift */ = {isa = PBXFileReference; lastKnownFileType = sourcecode.swift; path = DeadlinerUITests.swift; sourceTree = "<group>"; };
		916E7A382BF082D200561A95 /* DeadlinerUITestsLaunchTests.swift */ = {isa = PBXFileReference; lastKnownFileType = sourcecode.swift; path = DeadlinerUITestsLaunchTests.swift; sourceTree = "<group>"; };
/* End PBXFileReference section */

/* Begin PBXFrameworksBuildPhase section */
		916E7A122BF082D000561A95 /* Frameworks */ = {
			isa = PBXFrameworksBuildPhase;
			buildActionMask = 2147483647;
			files = (
			);
			runOnlyForDeploymentPostprocessing = 0;
		};
		916E7A252BF082D200561A95 /* Frameworks */ = {
			isa = PBXFrameworksBuildPhase;
			buildActionMask = 2147483647;
			files = (
			);
			runOnlyForDeploymentPostprocessing = 0;
		};
		916E7A2F2BF082D200561A95 /* Frameworks */ = {
			isa = PBXFrameworksBuildPhase;
			buildActionMask = 2147483647;
			files = (
			);
			runOnlyForDeploymentPostprocessing = 0;
		};
/* End PBXFrameworksBuildPhase section */

/* Begin PBXGroup section */
		916E7A0C2BF082CF00561A95 = {
			isa = PBXGroup;
			children = (
				916E7A172BF082D000561A95 /* Deadliner */,
				916E7A2B2BF082D200561A95 /* DeadlinerTests */,
				916E7A352BF082D200561A95 /* DeadlinerUITests */,
				916E7A162BF082D000561A95 /* Products */,
			);
			sourceTree = "<group>";
		};
		916E7A162BF082D000561A95 /* Products */ = {
			isa = PBXGroup;
			children = (
				916E7A152BF082D000561A95 /* Deadliner.app */,
				916E7A282BF082D200561A95 /* DeadlinerTests.xctest */,
				916E7A322BF082D200561A95 /* DeadlinerUITests.xctest */,
			);
			name = Products;
			sourceTree = "<group>";
		};
		916E7A172BF082D000561A95 /* Deadliner */ = {
			isa = PBXGroup;
			children = (
				916E7A182BF082D000561A95 /* DeadlinerApp.swift */,
				916E7A1A2BF082D000561A95 /* ContentView.swift */,
				916E7A1C2BF082D000561A95 /* Item.swift */,
				916E7A1E2BF082D100561A95 /* Assets.xcassets */,
				916E7A202BF082D100561A95 /* Deadliner.entitlements */,
				916E7A212BF082D100561A95 /* Preview Content */,
			);
			path = Deadliner;
			sourceTree = "<group>";
		};
		916E7A212BF082D100561A95 /* Preview Content */ = {
			isa = PBXGroup;
			children = (
				916E7A222BF082D100561A95 /* Preview Assets.xcassets */,
			);
			path = "Preview Content";
			sourceTree = "<group>";
		};
		916E7A2B2BF082D200561A95 /* DeadlinerTests */ = {
			isa = PBXGroup;
			children = (
				916E7A2C2BF082D200561A95 /* DeadlinerTests.swift */,
			);
			path = DeadlinerTests;
			sourceTree = "<group>";
		};
		916E7A352BF082D200561A95 /* DeadlinerUITests */ = {
			isa = PBXGroup;
			children = (
				916E7A362BF082D200561A95 /* DeadlinerUITests.swift */,
				916E7A382BF082D200561A95 /* DeadlinerUITestsLaunchTests.swift */,
			);
			path = DeadlinerUITests;
			sourceTree = "<group>";
		};
/* End PBXGroup section */

/* Begin PBXNativeTarget section */
		916E7A142BF082D000561A95 /* Deadliner */ = {
			isa = PBXNativeTarget;
			buildConfigurationList = 916E7A3C2BF082D200561A95 /* Build configuration list for PBXNativeTarget "Deadliner" */;
			buildPhases = (
				916E7A112BF082D000561A95 /* Sources */,
				916E7A122BF082D000561A95 /* Frameworks */,
				916E7A132BF082D000561A95 /* Resources */,
			);
			buildRules = (
			);
			dependencies = (
			);
			name = Deadliner;
			productName = Deadliner;
			productReference = 916E7A152BF082D000561A95 /* Deadliner.app */;
			productType = "com.apple.product-type.application";
		};
		916E7A272BF082D200561A95 /* DeadlinerTests */ = {
			isa = PBXNativeTarget;
			buildConfigurationList = 916E7A3F2BF082D200561A95 /* Build configuration list for PBXNativeTarget "DeadlinerTests" */;
			buildPhases = (
				916E7A242BF082D200561A95 /* Sources */,
				916E7A252BF082D200561A95 /* Frameworks */,
				916E7A262BF082D200561A95 /* Resources */,
			);
			buildRules = (
			);
			dependencies = (
				916E7A2A2BF082D200561A95 /* PBXTargetDependency */,
			);
			name = DeadlinerTests;
			productName = DeadlinerTests;
			productReference = 916E7A282BF082D200561A95 /* DeadlinerTests.xctest */;
			productType = "com.apple.product-type.bundle.unit-test";
		};
		916E7A312BF082D200561A95 /* DeadlinerUITests */ = {
			isa = PBXNativeTarget;
			buildConfigurationList = 916E7A422BF082D200561A95 /* Build configuration list for PBXNativeTarget "DeadlinerUITests" */;
			buildPhases = (
				916E7A2E2BF082D200561A95 /* Sources */,
				916E7A2F2BF082D200561A95 /* Frameworks */,
				916E7A302BF082D200561A95 /* Resources */,
			);
			buildRules = (
			);
			dependencies = (
				916E7A342BF082D200561A95 /* PBXTargetDependency */,
			);
			name = DeadlinerUITests;
			productName = DeadlinerUITests;
			productReference = 916E7A322BF082D200561A95 /* DeadlinerUITests.xctest */;
			productType = "com.apple.product-type.bundle.ui-testing";
		};
/* End PBXNativeTarget section */

/* Begin PBXProject section */
		916E7A0D2BF082CF00561A95 /* Project object */ = {
			isa = PBXProject;
			attributes = {
				BuildIndependentTargetsInParallel = 1;
				LastSwiftUpdateCheck = 1530;
				LastUpgradeCheck = 1530;
				TargetAttributes = {
					916E7A142BF082D000561A95 = {
						CreatedOnToolsVersion = 15.3;
					};
					916E7A272BF082D200561A95 = {
						CreatedOnToolsVersion = 15.3;
						TestTargetID = 916E7A142BF082D000561A95;
					};
					916E7A312BF082D200561A95 = {
						CreatedOnToolsVersion = 15.3;
						TestTargetID = 916E7A142BF082D000561A95;
					};
				};
			};
			buildConfigurationList = 916E7A102BF082CF00561A95 /* Build configuration list for PBXProject "Deadliner" */;
			compatibilityVersion = "Xcode 14.0";
			developmentRegion = en;
			hasScannedForEncodings = 0;
			knownRegions = (
				en,
				Base,
			);
			mainGroup = 916E7A0C2BF082CF00561A95;
			productRefGroup = 916E7A162BF082D000561A95 /* Products */;
			projectDirPath = "";
			projectRoot = "";
			targets = (
				916E7A142BF082D000561A95 /* Deadliner */,
				916E7A272BF082D200561A95 /* DeadlinerTests */,
				916E7A312BF082D200561A95 /* DeadlinerUITests */,
			);
		};
/* End PBXProject section */

/* Begin PBXResourcesBuildPhase section */
		916E7A132BF082D000561A95 /* Resources */ = {
			isa = PBXResourcesBuildPhase;
			buildActionMask = 2147483647;
			files = (
				916E7A232BF082D100561A95 /* Preview Assets.xcassets in Resources */,
				916E7A1F2BF082D100561A95 /* Assets.xcassets in Resources */,
			);
			runOnlyForDeploymentPostprocessing = 0;
		};
		916E7A262BF082D200561A95 /* Resources */ = {
			isa = PBXResourcesBuildPhase;
			buildActionMask = 2147483647;
			files = (
			);
			runOnlyForDeploymentPostprocessing = 0;
		};
		916E7A302BF082D200561A95 /* Resources */ = {
			isa = PBXResourcesBuildPhase;
			buildActionMask = 2147483647;
			files = (
			);
			runOnlyForDeploymentPostprocessing = 0;
		};
/* End PBXResourcesBuildPhase section */

/* Begin PBXSourcesBuildPhase section */
		916E7A112BF082D000561A95 /* Sources */ = {
			isa = PBXSourcesBuildPhase;
			buildActionMask = 2147483647;
			files = (
				916E7A1B2BF082D000561A95 /* ContentView.swift in Sources */,
				916E7A1D2BF082D000561A95 /* Item.swift in Sources */,
				916E7A192BF082D000561A95 /* DeadlinerApp.swift in Sources */,
			);
			runOnlyForDeploymentPostprocessing = 0;
		};
		916E7A242BF082D200561A95 /* Sources */ = {
			isa = PBXSourcesBuildPhase;
			buildActionMask = 2147483647;
			files = (
				916E7A2D2BF082D200561A95 /* DeadlinerTests.swift in Sources */,
			);
			runOnlyForDeploymentPostprocessing = 0;
		};
		916E7A2E2BF082D200561A95 /* Sources */ = {
			isa = PBXSourcesBuildPhase;
			buildActionMask = 2147483647;
			files = (
				916E7A372BF082D200561A95 /* DeadlinerUITests.swift in Sources */,
				916E7A392BF082D200561A95 /* DeadlinerUITestsLaunchTests.swift in Sources */,
			);
			runOnlyForDeploymentPostprocessing = 0;
		};
/* End PBXSourcesBuildPhase section */

/* Begin PBXTargetDependency section */
		916E7A2A2BF082D200561A95 /* PBXTargetDependency */ = {
			isa = PBXTargetDependency;
			target = 916E7A142BF082D000561A95 /* Deadliner */;
			targetProxy = 916E7A292BF082D200561A95 /* PBXContainerItemProxy */;
		};
		916E7A342BF082D200561A95 /* PBXTargetDependency */ = {
			isa = PBXTargetDependency;
			target = 916E7A142BF082D000561A95 /* Deadliner */;
			targetProxy = 916E7A332BF082D200561A95 /* PBXContainerItemProxy */;
		};
/* End PBXTargetDependency section */

/* Begin XCBuildConfiguration section */
		916E7A3A2BF082D200561A95 /* Debug */ = {
			isa = XCBuildConfiguration;
			buildSettings = {
				ALWAYS_SEARCH_USER_PATHS = NO;
				ASSETCATALOG_COMPILER_GENERATE_SWIFT_ASSET_SYMBOL_EXTENSIONS = YES;
				CLANG_ANALYZER_NONNULL = YES;
				CLANG_ANALYZER_NUMBER_OBJECT_CONVERSION = YES_AGGRESSIVE;
				CLANG_CXX_LANGUAGE_STANDARD = "gnu++20";
				CLANG_ENABLE_MODULES = YES;
				CLANG_ENABLE_OBJC_ARC = YES;
				CLANG_ENABLE_OBJC_WEAK = YES;
				CLANG_WARN_BLOCK_CAPTURE_AUTORELEASING = YES;
				CLANG_WARN_BOOL_CONVERSION = YES;
				CLANG_WARN_COMMA = YES;
				CLANG_WARN_CONSTANT_CONVERSION = YES;
				CLANG_WARN_DEPRECATED_OBJC_IMPLEMENTATIONS = YES;
				CLANG_WARN_DIRECT_OBJC_ISA_USAGE = YES_ERROR;
				CLANG_WARN_DOCUMENTATION_COMMENTS = YES;
				CLANG_WARN_EMPTY_BODY = YES;
				CLANG_WARN_ENUM_CONVERSION = YES;
				CLANG_WARN_INFINITE_RECURSION = YES;
				CLANG_WARN_INT_CONVERSION = YES;
				CLANG_WARN_NON_LITERAL_NULL_CONVERSION = YES;
				CLANG_WARN_OBJC_IMPLICIT_RETAIN_SELF = YES;
				CLANG_WARN_OBJC_LITERAL_CONVERSION = YES;
				CLANG_WARN_OBJC_ROOT_CLASS = YES_ERROR;
				CLANG_WARN_QUOTED_INCLUDE_IN_FRAMEWORK_HEADER = YES;
				CLANG_WARN_RANGE_LOOP_ANALYSIS = YES;
				CLANG_WARN_STRICT_PROTOTYPES = YES;
				CLANG_WARN_SUSPICIOUS_MOVE = YES;
				CLANG_WARN_UNGUARDED_AVAILABILITY = YES_AGGRESSIVE;
				CLANG_WARN_UNREACHABLE_CODE = YES;
				CLANG_WARN__DUPLICATE_METHOD_MATCH = YES;
				COPY_PHASE_STRIP = NO;
				DEBUG_INFORMATION_FORMAT = dwarf;
				ENABLE_STRICT_OBJC_MSGSEND = YES;
				ENABLE_TESTABILITY = YES;
				ENABLE_USER_SCRIPT_SANDBOXING = YES;
				GCC_C_LANGUAGE_STANDARD = gnu17;
				GCC_DYNAMIC_NO_PIC = NO;
				GCC_NO_COMMON_BLOCKS = YES;
				GCC_OPTIMIZATION_LEVEL = 0;
				GCC_PREPROCESSOR_DEFINITIONS = (
					"DEBUG=1",
					"$(inherited)",
				);
				GCC_WARN_64_TO_32_BIT_CONVERSION = YES;
				GCC_WARN_ABOUT_RETURN_TYPE = YES_ERROR;
				GCC_WARN_UNDECLARED_SELECTOR = YES;
				GCC_WARN_UNINITIALIZED_AUTOS = YES_AGGRESSIVE;
				GCC_WARN_UNUSED_FUNCTION = YES;
				GCC_WARN_UNUSED_VARIABLE = YES;
				LOCALIZATION_PREFERS_STRING_CATALOGS = YES;
				MTL_ENABLE_DEBUG_INFO = INCLUDE_SOURCE;
				MTL_FAST_MATH = YES;
				ONLY_ACTIVE_ARCH = YES;
				SWIFT_ACTIVE_COMPILATION_CONDITIONS = "DEBUG $(inherited)";
				SWIFT_OPTIMIZATION_LEVEL = "-Onone";
			};
			name = Debug;
		};
		916E7A3B2BF082D200561A95 /* Release */ = {
			isa = XCBuildConfiguration;
			buildSettings = {
				ALWAYS_SEARCH_USER_PATHS = NO;
				ASSETCATALOG_COMPILER_GENERATE_SWIFT_ASSET_SYMBOL_EXTENSIONS = YES;
				CLANG_ANALYZER_NONNULL = YES;
				CLANG_ANALYZER_NUMBER_OBJECT_CONVERSION = YES_AGGRESSIVE;
				CLANG_CXX_LANGUAGE_STANDARD = "gnu++20";
				CLANG_ENABLE_MODULES = YES;
				CLANG_ENABLE_OBJC_ARC = YES;
				CLANG_ENABLE_OBJC_WEAK = YES;
				CLANG_WARN_BLOCK_CAPTURE_AUTORELEASING = YES;
				CLANG_WARN_BOOL_CONVERSION = YES;
				CLANG_WARN_COMMA = YES;
				CLANG_WARN_CONSTANT_CONVERSION = YES;
				CLANG_WARN_DEPRECATED_OBJC_IMPLEMENTATIONS = YES;
				CLANG_WARN_DIRECT_OBJC_ISA_USAGE = YES_ERROR;
				CLANG_WARN_DOCUMENTATION_COMMENTS = YES;
				CLANG_WARN_EMPTY_BODY = YES;
				CLANG_WARN_ENUM_CONVERSION = YES;
				CLANG_WARN_INFINITE_RECURSION = YES;
				CLANG_WARN_INT_CONVERSION = YES;
				CLANG_WARN_NON_LITERAL_NULL_CONVERSION = YES;
				CLANG_WARN_OBJC_IMPLICIT_RETAIN_SELF = YES;
				CLANG_WARN_OBJC_LITERAL_CONVERSION = YES;
				CLANG_WARN_OBJC_ROOT_CLASS = YES_ERROR;
				CLANG_WARN_QUOTED_INCLUDE_IN_FRAMEWORK_HEADER = YES;
				CLANG_WARN_RANGE_LOOP_ANALYSIS = YES;
				CLANG_WARN_STRICT_PROTOTYPES = YES;
				CLANG_WARN_SUSPICIOUS_MOVE = YES;
				CLANG_WARN_UNGUARDED_AVAILABILITY = YES_AGGRESSIVE;
				CLANG_WARN_UNREACHABLE_CODE = YES;
				CLANG_WARN__DUPLICATE_METHOD_MATCH = YES;
				COPY_PHASE_STRIP = NO;
				DEBUG_INFORMATION_FORMAT = "dwarf-with-dsym";
				ENABLE_NS_ASSERTIONS = NO;
				ENABLE_STRICT_OBJC_MSGSEND = YES;
				ENABLE_USER_SCRIPT_SANDBOXING = YES;
				GCC_C_LANGUAGE_STANDARD = gnu17;
				GCC_NO_COMMON_BLOCKS = YES;
				GCC_WARN_64_TO_32_BIT_CONVERSION = YES;
				GCC_WARN_ABOUT_RETURN_TYPE = YES_ERROR;
				GCC_WARN_UNDECLARED_SELECTOR = YES;
				GCC_WARN_UNINITIALIZED_AUTOS = YES_AGGRESSIVE;
				GCC_WARN_UNUSED_FUNCTION = YES;
				GCC_WARN_UNUSED_VARIABLE = YES;
				LOCALIZATION_PREFERS_STRING_CATALOGS = YES;
				MTL_ENABLE_DEBUG_INFO = NO;
				MTL_FAST_MATH = YES;
				SWIFT_COMPILATION_MODE = wholemodule;
			};
			name = Release;
		};
		916E7A3D2BF082D200561A95 /* Debug */ = {
			isa = XCBuildConfiguration;
			buildSettings = {
				ASSETCATALOG_COMPILER_APPICON_NAME = AppIcon;
				ASSETCATALOG_COMPILER_GLOBAL_ACCENT_COLOR_NAME = AccentColor;
				CODE_SIGN_ENTITLEMENTS = Deadliner/Deadliner.entitlements;
				CODE_SIGN_STYLE = Automatic;
				CURRENT_PROJECT_VERSION = 1;
				DEVELOPMENT_ASSET_PATHS = "\"Deadliner/Preview Content\"";
				DEVELOPMENT_TEAM = AXX68Z7W34;
				ENABLE_HARDENED_RUNTIME = YES;
				ENABLE_PREVIEWS = YES;
				GENERATE_INFOPLIST_FILE = YES;
				"INFOPLIST_KEY_UIApplicationSceneManifest_Generation[sdk=iphoneos*]" = YES;
				"INFOPLIST_KEY_UIApplicationSceneManifest_Generation[sdk=iphonesimulator*]" = YES;
				"INFOPLIST_KEY_UIApplicationSupportsIndirectInputEvents[sdk=iphoneos*]" = YES;
				"INFOPLIST_KEY_UIApplicationSupportsIndirectInputEvents[sdk=iphonesimulator*]" = YES;
				"INFOPLIST_KEY_UILaunchScreen_Generation[sdk=iphoneos*]" = YES;
				"INFOPLIST_KEY_UILaunchScreen_Generation[sdk=iphonesimulator*]" = YES;
				"INFOPLIST_KEY_UIStatusBarStyle[sdk=iphoneos*]" = UIStatusBarStyleDefault;
				"INFOPLIST_KEY_UIStatusBarStyle[sdk=iphonesimulator*]" = UIStatusBarStyleDefault;
				INFOPLIST_KEY_UISupportedInterfaceOrientations_iPad = "UIInterfaceOrientationPortrait UIInterfaceOrientationPortraitUpsideDown UIInterfaceOrientationLandscapeLeft UIInterfaceOrientationLandscapeRight";
				INFOPLIST_KEY_UISupportedInterfaceOrientations_iPhone = "UIInterfaceOrientationPortrait UIInterfaceOrientationLandscapeLeft UIInterfaceOrientationLandscapeRight";
				IPHONEOS_DEPLOYMENT_TARGET = 17.4;
				LD_RUNPATH_SEARCH_PATHS = "@executable_path/Frameworks";
				"LD_RUNPATH_SEARCH_PATHS[sdk=macosx*]" = "@executable_path/../Frameworks";
				MACOSX_DEPLOYMENT_TARGET = 14.0;
				MARKETING_VERSION = 1.0;
				PRODUCT_BUNDLE_IDENTIFIER = n0vit.Deadliner;
				PRODUCT_NAME = "$(TARGET_NAME)";
				SDKROOT = auto;
				SUPPORTED_PLATFORMS = "iphoneos iphonesimulator macosx";
				SWIFT_EMIT_LOC_STRINGS = YES;
				SWIFT_VERSION = 5.0;
				TARGETED_DEVICE_FAMILY = "1,2";
			};
			name = Debug;
		};
		916E7A3E2BF082D200561A95 /* Release */ = {
			isa = XCBuildConfiguration;
			buildSettings = {
				ASSETCATALOG_COMPILER_APPICON_NAME = AppIcon;
				ASSETCATALOG_COMPILER_GLOBAL_ACCENT_COLOR_NAME = AccentColor;
				CODE_SIGN_ENTITLEMENTS = Deadliner/Deadliner.entitlements;
				CODE_SIGN_STYLE = Automatic;
				CURRENT_PROJECT_VERSION = 1;
				DEVELOPMENT_ASSET_PATHS = "\"Deadliner/Preview Content\"";
				DEVELOPMENT_TEAM = AXX68Z7W34;
				ENABLE_HARDENED_RUNTIME = YES;
				ENABLE_PREVIEWS = YES;
				GENERATE_INFOPLIST_FILE = YES;
				"INFOPLIST_KEY_UIApplicationSceneManifest_Generation[sdk=iphoneos*]" = YES;
				"INFOPLIST_KEY_UIApplicationSceneManifest_Generation[sdk=iphonesimulator*]" = YES;
				"INFOPLIST_KEY_UIApplicationSupportsIndirectInputEvents[sdk=iphoneos*]" = YES;
				"INFOPLIST_KEY_UIApplicationSupportsIndirectInputEvents[sdk=iphonesimulator*]" = YES;
				"INFOPLIST_KEY_UILaunchScreen_Generation[sdk=iphoneos*]" = YES;
				"INFOPLIST_KEY_UILaunchScreen_Generation[sdk=iphonesimulator*]" = YES;
				"INFOPLIST_KEY_UIStatusBarStyle[sdk=iphoneos*]" = UIStatusBarStyleDefault;
				"INFOPLIST_KEY_UIStatusBarStyle[sdk=iphonesimulator*]" = UIStatusBarStyleDefault;
				INFOPLIST_KEY_UISupportedInterfaceOrientations_iPad = "UIInterfaceOrientationPortrait UIInterfaceOrientationPortraitUpsideDown UIInterfaceOrientationLandscapeLeft UIInterfaceOrientationLandscapeRight";
				INFOPLIST_KEY_UISupportedInterfaceOrientations_iPhone = "UIInterfaceOrientationPortrait UIInterfaceOrientationLandscapeLeft UIInterfaceOrientationLandscapeRight";
				IPHONEOS_DEPLOYMENT_TARGET = 17.4;
				LD_RUNPATH_SEARCH_PATHS = "@executable_path/Frameworks";
				"LD_RUNPATH_SEARCH_PATHS[sdk=macosx*]" = "@executable_path/../Frameworks";
				MACOSX_DEPLOYMENT_TARGET = 14.0;
				MARKETING_VERSION = 1.0;
				PRODUCT_BUNDLE_IDENTIFIER = n0vit.Deadliner;
				PRODUCT_NAME = "$(TARGET_NAME)";
				SDKROOT = auto;
				SUPPORTED_PLATFORMS = "iphoneos iphonesimulator macosx";
				SWIFT_EMIT_LOC_STRINGS = YES;
				SWIFT_VERSION = 5.0;
				TARGETED_DEVICE_FAMILY = "1,2";
			};
			name = Release;
		};
		916E7A402BF082D200561A95 /* Debug */ = {
			isa = XCBuildConfiguration;
			buildSettings = {
				ALWAYS_EMBED_SWIFT_STANDARD_LIBRARIES = YES;
				BUNDLE_LOADER = "$(TEST_HOST)";
				CODE_SIGN_STYLE = Automatic;
				CURRENT_PROJECT_VERSION = 1;
				DEVELOPMENT_TEAM = AXX68Z7W34;
				GENERATE_INFOPLIST_FILE = YES;
				IPHONEOS_DEPLOYMENT_TARGET = 17.4;
				MACOSX_DEPLOYMENT_TARGET = 14.4;
				MARKETING_VERSION = 1.0;
				PRODUCT_BUNDLE_IDENTIFIER = n0vit.DeadlinerTests;
				PRODUCT_NAME = "$(TARGET_NAME)";
				SDKROOT = auto;
				SUPPORTED_PLATFORMS = "iphoneos iphonesimulator macosx";
				SWIFT_EMIT_LOC_STRINGS = NO;
				SWIFT_VERSION = 5.0;
				TARGETED_DEVICE_FAMILY = "1,2";
				TEST_HOST = "$(BUILT_PRODUCTS_DIR)/Deadliner.app/$(BUNDLE_EXECUTABLE_FOLDER_PATH)/Deadliner";
			};
			name = Debug;
		};
		916E7A412BF082D200561A95 /* Release */ = {
			isa = XCBuildConfiguration;
			buildSettings = {
				ALWAYS_EMBED_SWIFT_STANDARD_LIBRARIES = YES;
				BUNDLE_LOADER = "$(TEST_HOST)";
				CODE_SIGN_STYLE = Automatic;
				CURRENT_PROJECT_VERSION = 1;
				DEVELOPMENT_TEAM = AXX68Z7W34;
				GENERATE_INFOPLIST_FILE = YES;
				IPHONEOS_DEPLOYMENT_TARGET = 17.4;
				MACOSX_DEPLOYMENT_TARGET = 14.4;
				MARKETING_VERSION = 1.0;
				PRODUCT_BUNDLE_IDENTIFIER = n0vit.DeadlinerTests;
				PRODUCT_NAME = "$(TARGET_NAME)";
				SDKROOT = auto;
				SUPPORTED_PLATFORMS = "iphoneos iphonesimulator macosx";
				SWIFT_EMIT_LOC_STRINGS = NO;
				SWIFT_VERSION = 5.0;
				TARGETED_DEVICE_FAMILY = "1,2";
				TEST_HOST = "$(BUILT_PRODUCTS_DIR)/Deadliner.app/$(BUNDLE_EXECUTABLE_FOLDER_PATH)/Deadliner";
			};
			name = Release;
		};
		916E7A432BF082D200561A95 /* Debug */ = {
			isa = XCBuildConfiguration;
			buildSettings = {
				ALWAYS_EMBED_SWIFT_STANDARD_LIBRARIES = YES;
				CODE_SIGN_STYLE = Automatic;
				CURRENT_PROJECT_VERSION = 1;
				DEVELOPMENT_TEAM = AXX68Z7W34;
				GENERATE_INFOPLIST_FILE = YES;
				IPHONEOS_DEPLOYMENT_TARGET = 17.4;
				MACOSX_DEPLOYMENT_TARGET = 14.4;
				MARKETING_VERSION = 1.0;
				PRODUCT_BUNDLE_IDENTIFIER = n0vit.DeadlinerUITests;
				PRODUCT_NAME = "$(TARGET_NAME)";
				SDKROOT = auto;
				SUPPORTED_PLATFORMS = "iphoneos iphonesimulator macosx";
				SWIFT_EMIT_LOC_STRINGS = NO;
				SWIFT_VERSION = 5.0;
				TARGETED_DEVICE_FAMILY = "1,2";
				TEST_TARGET_NAME = Deadliner;
			};
			name = Debug;
		};
		916E7A442BF082D200561A95 /* Release */ = {
			isa = XCBuildConfiguration;
			buildSettings = {
				ALWAYS_EMBED_SWIFT_STANDARD_LIBRARIES = YES;
				CODE_SIGN_STYLE = Automatic;
				CURRENT_PROJECT_VERSION = 1;
				DEVELOPMENT_TEAM = AXX68Z7W34;
				GENERATE_INFOPLIST_FILE = YES;
				IPHONEOS_DEPLOYMENT_TARGET = 17.4;
				MACOSX_DEPLOYMENT_TARGET = 14.4;
				MARKETING_VERSION = 1.0;
				PRODUCT_BUNDLE_IDENTIFIER = n0vit.DeadlinerUITests;
				PRODUCT_NAME = "$(TARGET_NAME)";
				SDKROOT = auto;
				SUPPORTED_PLATFORMS = "iphoneos iphonesimulator macosx";
				SWIFT_EMIT_LOC_STRINGS = NO;
				SWIFT_VERSION = 5.0;
				TARGETED_DEVICE_FAMILY = "1,2";
				TEST_TARGET_NAME = Deadliner;
			};
			name = Release;
		};
/* End XCBuildConfiguration section */

/* Begin XCConfigurationList section */
		916E7A102BF082CF00561A95 /* Build configuration list for PBXProject "Deadliner" */ = {
			isa = XCConfigurationList;
			buildConfigurations = (
				916E7A3A2BF082D200561A95 /* Debug */,
				916E7A3B2BF082D200561A95 /* Release */,
			);
			defaultConfigurationIsVisible = 0;
			defaultConfigurationName = Release;
		};
		916E7A3C2BF082D200561A95 /* Build configuration list for PBXNativeTarget "Deadliner" */ = {
			isa = XCConfigurationList;
			buildConfigurations = (
				916E7A3D2BF082D200561A95 /* Debug */,
				916E7A3E2BF082D200561A95 /* Release */,
			);
			defaultConfigurationIsVisible = 0;
			defaultConfigurationName = Release;
		};
		916E7A3F2BF082D200561A95 /* Build configuration list for PBXNativeTarget "DeadlinerTests" */ = {
			isa = XCConfigurationList;
			buildConfigurations = (
				916E7A402BF082D200561A95 /* Debug */,
				916E7A412BF082D200561A95 /* Release */,
			);
			defaultConfigurationIsVisible = 0;
			defaultConfigurationName = Release;
		};
		916E7A422BF082D200561A95 /* Build configuration list for PBXNativeTarget "DeadlinerUITests" */ = {
			isa = XCConfigurationList;
			buildConfigurations = (
				916E7A432BF082D200561A95 /* Debug */,
				916E7A442BF082D200561A95 /* Release */,
			);
			defaultConfigurationIsVisible = 0;
			defaultConfigurationName = Release;
		};
/* End XCConfigurationList section */
	};
	rootObject = 916E7A0D2BF082CF00561A95 /* Project object */;
}
